{
  "name": "frontend",
  "version": "0.0.1",
  "lockfileVersion": 2,
  "requires": true,
  "packages": {
    "": {
      "version": "0.0.1",
      "license": "MIT",
      "dependencies": {
        "@types/howler": "^2.2.1",
        "@types/ua-parser-js": "^0.7.35",
        "howler": "^2.2.1",
        "ua-parser-js": "^0.7.27"
      },
      "devDependencies": {
        "@stencil/core": "2.4.0",
        "@stencil/router": "^1.0.1",
        "prettier": "^2.2.1"
      }
    },
    "node_modules/@stencil/core": {
      "version": "2.4.0",
      "resolved": "https://registry.npmjs.org/@stencil/core/-/core-2.4.0.tgz",
      "integrity": "sha512-gU6+Yyd6O0KrCSS/O6j8KKqmRo+/Dcs2fI0+APCpbAWK+nqhwDISpdnSEfGDCLMoAC08XOZCycBRk2K1VGnEcg==",
      "dev": true,
      "bin": {
        "stencil": "bin/stencil"
      },
      "engines": {
        "node": ">=12.10.0",
        "npm": ">=6.0.0"
      }
    },
    "node_modules/@stencil/router": {
      "version": "1.0.1",
      "resolved": "https://registry.npmjs.org/@stencil/router/-/router-1.0.1.tgz",
      "integrity": "sha512-ZMholl1BE+glNAc/8pcEb9RYkeH0XETxsJbx6D7f3azTmaTXqKYty1IACP/3BtVjuimpfLdxQJ+J95wKmnYBtA==",
      "dev": true,
      "dependencies": {
        "@stencil/state-tunnel": "^1.0.1"
      }
    },
    "node_modules/@stencil/state-tunnel": {
      "version": "1.0.1",
      "resolved": "https://registry.npmjs.org/@stencil/state-tunnel/-/state-tunnel-1.0.1.tgz",
      "integrity": "sha512-DYG8uROgL9hkjVTCtCfRBb0d3FwpiFB0muRrNZQ2X1Qo5hxMuNNji76/ILddqeq0AfgkKCW82xrMPDpy+rNIhQ==",
      "dev": true
    },
    "node_modules/@types/howler": {
      "version": "2.2.1",
      "resolved": "https://registry.npmjs.org/@types/howler/-/howler-2.2.1.tgz",
      "integrity": "sha512-1MiSldngr+eAO4lDPtjzl4Nf2GmRh8VDHIpNBIkyd25L22JExVlI6w3fjSM7+FNc1e1WZAPNq7/flkw685byfg=="
    },
    "node_modules/@types/ua-parser-js": {
      "version": "0.7.35",
      "resolved": "https://registry.npmjs.org/@types/ua-parser-js/-/ua-parser-js-0.7.35.tgz",
      "integrity": "sha512-PsPx0RLbo2Un8+ff2buzYJnZjzwhD3jQHPOG2PtVIeOhkRDddMcKU8vJtHpzzfLB95dkUi0qAkfLg2l2Fd0yrQ=="
    },
    "node_modules/howler": {
      "version": "2.2.1",
      "resolved": "https://registry.npmjs.org/howler/-/howler-2.2.1.tgz",
      "integrity": "sha512-0iIXvuBO/81CcrQ/HSSweYmbT50fT2mIc9XMFb+kxIfk2pW/iKzDbX1n3fZmDXMEIpYvyyfrB+gXwPYSDqUxIQ=="
    },
    "node_modules/prettier": {
      "version": "2.2.1",
      "resolved": "https://registry.npmjs.org/prettier/-/prettier-2.2.1.tgz",
      "integrity": "sha512-PqyhM2yCjg/oKkFPtTGUojv7gnZAoG80ttl45O6x2Ug/rMJw4wcc9k6aaf2hibP7BGVCCM33gZoGjyvt9mm16Q==",
      "dev": true,
      "bin": {
        "prettier": "bin-prettier.js"
      },
      "engines": {
        "node": ">=10.13.0"
      }
    },
    "node_modules/ua-parser-js": {
      "version": "0.7.27",
      "resolved": "https://registry.npmjs.org/ua-parser-js/-/ua-parser-js-0.7.27.tgz",
      "integrity": "sha512-eXMaRYK2skomGocoX0x9sBXzx5A1ZVQgXfrW4mTc8dT0zS7olEcyfudAzRC5tIIRgLxQ69B6jut3DI+n5hslPA==",
      "funding": [
        {
          "type": "opencollective",
          "url": "https://opencollective.com/ua-parser-js"
        },
        {
          "type": "paypal",
          "url": "https://paypal.me/faisalman"
        }
      ],
      "engines": {
        "node": "*"
      }
    }
  },
  "dependencies": {
    "@stencil/core": {
      "version": "2.4.0",
      "resolved": "https://registry.npmjs.org/@stencil/core/-/core-2.4.0.tgz",
      "integrity": "sha512-gU6+Yyd6O0KrCSS/O6j8KKqmRo+/Dcs2fI0+APCpbAWK+nqhwDISpdnSEfGDCLMoAC08XOZCycBRk2K1VGnEcg==",
      "dev": true
    },
    "@stencil/router": {
      "version": "1.0.1",
      "resolved": "https://registry.npmjs.org/@stencil/router/-/router-1.0.1.tgz",
      "integrity": "sha512-ZMholl1BE+glNAc/8pcEb9RYkeH0XETxsJbx6D7f3azTmaTXqKYty1IACP/3BtVjuimpfLdxQJ+J95wKmnYBtA==",
      "dev": true,
      "requires": {
        "@stencil/state-tunnel": "^1.0.1"
      }
    },
    "@stencil/state-tunnel": {
      "version": "1.0.1",
      "resolved": "https://registry.npmjs.org/@stencil/state-tunnel/-/state-tunnel-1.0.1.tgz",
      "integrity": "sha512-DYG8uROgL9hkjVTCtCfRBb0d3FwpiFB0muRrNZQ2X1Qo5hxMuNNji76/ILddqeq0AfgkKCW82xrMPDpy+rNIhQ==",
      "dev": true
    },
    "@types/howler": {
      "version": "2.2.1",
      "resolved": "https://registry.npmjs.org/@types/howler/-/howler-2.2.1.tgz",
      "integrity": "sha512-1MiSldngr+eAO4lDPtjzl4Nf2GmRh8VDHIpNBIkyd25L22JExVlI6w3fjSM7+FNc1e1WZAPNq7/flkw685byfg=="
    },
    "@types/ua-parser-js": {
      "version": "0.7.35",
      "resolved": "https://registry.npmjs.org/@types/ua-parser-js/-/ua-parser-js-0.7.35.tgz",
      "integrity": "sha512-PsPx0RLbo2Un8+ff2buzYJnZjzwhD3jQHPOG2PtVIeOhkRDddMcKU8vJtHpzzfLB95dkUi0qAkfLg2l2Fd0yrQ=="
    },
    "howler": {
      "version": "2.2.1",
      "resolved": "https://registry.npmjs.org/howler/-/howler-2.2.1.tgz",
      "integrity": "sha512-0iIXvuBO/81CcrQ/HSSweYmbT50fT2mIc9XMFb+kxIfk2pW/iKzDbX1n3fZmDXMEIpYvyyfrB+gXwPYSDqUxIQ=="
    },
    "prettier": {
      "version": "2.2.1",
      "resolved": "https://registry.npmjs.org/prettier/-/prettier-2.2.1.tgz",
      "integrity": "sha512-PqyhM2yCjg/oKkFPtTGUojv7gnZAoG80ttl45O6x2Ug/rMJw4wcc9k6aaf2hibP7BGVCCM33gZoGjyvt9mm16Q==",
      "dev": true
    },
    "ua-parser-js": {
      "version": "0.7.27",
      "resolved": "https://registry.npmjs.org/ua-parser-js/-/ua-parser-js-0.7.27.tgz",
      "integrity": "sha512-eXMaRYK2skomGocoX0x9sBXzx5A1ZVQgXfrW4mTc8dT0zS7olEcyfudAzRC5tIIRgLxQ69B6jut3DI+n5hslPA=="
    }
  }
}
